// !$*UTF8*$!
{
	archiveVersion = 1;
	classes = {
	};
	objectVersion = 56;
	objects = {

/* Begin PBXBuildFile section */
		A10000012B00000100000001 /* FastLLVCApp.swift in Sources */ = {isa = PBXBuildFile; fileRef = B10000012B00000100000001 /* FastLLVCApp.swift */; };
		A10000022B00000100000001 /* ContentView.swift in Sources */ = {isa = PBXBuildFile; fileRef = B10000022B00000100000001 /* ContentView.swift */; };
		A10000032B00000100000001 /* VisualizerView.swift in Sources */ = {isa = PBXBuildFile; fileRef = B10000032B00000100000001 /* VisualizerView.swift */; };
		A10000042B00000100000001 /* PitchControlView.swift in Sources */ = {isa = PBXBuildFile; fileRef = B10000042B00000100000001 /* PitchControlView.swift */; };
		A10000052B00000100000001 /* SettingsSheetView.swift in Sources */ = {isa = PBXBuildFile; fileRef = B10000052B00000100000001 /* SettingsSheetView.swift */; };
		A10000062B00000100000001 /* ModelManagerView.swift in Sources */ = {isa = PBXBuildFile; fileRef = B10000062B00000100000001 /* ModelManagerView.swift */; };
		A10000072B00000100000001 /* RecordShareView.swift in Sources */ = {isa = PBXBuildFile; fileRef = B10000072B00000100000001 /* RecordShareView.swift */; };
		A10000082B00000100000001 /* FastLLVCEngine.swift in Sources */ = {isa = PBXBuildFile; fileRef = B10000082B00000100000001 /* FastLLVCEngine.swift */; };
		A10000092B00000100000001 /* AudioDSP.swift in Sources */ = {isa = PBXBuildFile; fileRef = B10000092B00000100000001 /* AudioDSP.swift */; };
		A100000A2B00000100000001 /* RingBuffer.swift in Sources */ = {isa = PBXBuildFile; fileRef = B100000A2B00000100000001 /* RingBuffer.swift */; };
		A100000B2B00000100000001 /* PitchShifterDSP.swift in Sources */ = {isa = PBXBuildFile; fileRef = B100000B2B00000100000001 /* PitchShifterDSP.swift */; };
		A100000C2B00000100000001 /* AudioRecorder.swift in Sources */ = {isa = PBXBuildFile; fileRef = B100000C2B00000100000001 /* AudioRecorder.swift */; };
		A100000D2B00000100000001 /* Assets.xcassets in Resources */ = {isa = PBXBuildFile; fileRef = B100000D2B00000100000001 /* Assets.xcassets */; };
/* End PBXBuildFile section */

/* Begin PBXFileReference section */
		C10000012B00000100000001 /* FastLLVC.app */ = {isa = PBXFileReference; explicitFileType = wrapper.application; includeInIndex = 0; path = FastLLVC.app; sourceTree = BUILT_PRODUCTS_DIR; };
		B10000012B00000100000001 /* FastLLVCApp.swift */ = {isa = PBXFileReference; lastKnownFileType = sourcecode.swift; path = FastLLVCApp.swift; sourceTree = "<group>"; };
		B10000022B00000100000001 /* ContentView.swift */ = {isa = PBXFileReference; lastKnownFileType = sourcecode.swift; path = ContentView.swift; sourceTree = "<group>"; };
		B10000032B00000100000001 /* VisualizerView.swift */ = {isa = PBXFileReference; lastKnownFileType = sourcecode.swift; path = VisualizerView.swift; sourceTree = "<group>"; };
		B10000042B00000100000001 /* PitchControlView.swift */ = {isa = PBXFileReference; lastKnownFileType = sourcecode.swift; path = PitchControlView.swift; sourceTree = "<group>"; };
		B10000052B00000100000001 /* SettingsSheetView.swift */ = {isa = PBXFileReference; lastKnownFileType = sourcecode.swift; path = SettingsSheetView.swift; sourceTree = "<group>"; };
		B10000062B00000100000001 /* ModelManagerView.swift */ = {isa = PBXFileReference; lastKnownFileType = sourcecode.swift; path = ModelManagerView.swift; sourceTree = "<group>"; };
		B10000072B00000100000001 /* RecordShareView.swift */ = {isa = PBXFileReference; lastKnownFileType = sourcecode.swift; path = RecordShareView.swift; sourceTree = "<group>"; };
		B10000082B00000100000001 /* FastLLVCEngine.swift */ = {isa = PBXFileReference; lastKnownFileType = sourcecode.swift; path = FastLLVCEngine.swift; sourceTree = "<group>"; };
		B10000092B00000100000001 /* AudioDSP.swift */ = {isa = PBXFileReference; lastKnownFileType = sourcecode.swift; path = AudioDSP.swift; sourceTree = "<group>"; };
		B100000A2B00000100000001 /* RingBuffer.swift */ = {isa = PBXFileReference; lastKnownFileType = sourcecode.swift; path = RingBuffer.swift; sourceTree = "<group>"; };
		B100000B2B00000100000001 /* PitchShifterDSP.swift */ = {isa = PBXFileReference; lastKnownFileType = sourcecode.swift; path = PitchShifterDSP.swift; sourceTree = "<group>"; };
		B100000C2B00000100000001 /* AudioRecorder.swift */ = {isa = PBXFileReference; lastKnownFileType = sourcecode.swift; path = AudioRecorder.swift; sourceTree = "<group>"; };
		B100000D2B00000100000001 /* Assets.xcassets */ = {isa = PBXFileReference; lastKnownFileType = folder.assetcatalog; path = Assets.xcassets; sourceTree = "<group>"; };
		B100000E2B00000100000001 /* Info.plist */ = {isa = PBXFileReference; lastKnownFileType = text.plist.xml; path = Info.plist; sourceTree = "<group>"; };
/* End PBXFileReference section */

/* Begin PBXFrameworksBuildPhase section */
		D10000012B00000100000001 /* Frameworks */ = {
			isa = PBXFrameworksBuildPhase;
			buildActionMask = 2147483647;
			files = (
			);
			runOnlyForDeploymentPostprocessing = 0;
		};
/* End PBXFrameworksBuildPhase section */

/* Begin PBXGroup section */
		E10000012B00000100000001 = {
			isa = PBXGroup;
			children = (
				E10000022B00000100000001 /* FastLLVC */,
				E10000032B00000100000001 /* Products */,
			);
			sourceTree = "<group>";
		};
		E10000022B00000100000001 /* FastLLVC */ = {
			isa = PBXGroup;
			children = (
				E10000042B00000100000001 /* App */,
				E10000052B00000100000001 /* Views */,
				E10000062B00000100000001 /* Audio */,
				B100000D2B00000100000001 /* Assets.xcassets */,
			);
			path = FastLLVC;
			sourceTree = "<group>";
		};
		E10000042B00000100000001 /* App */ = {
			isa = PBXGroup;
			children = (
				B10000012B00000100000001 /* FastLLVCApp.swift */,
				B100000E2B00000100000001 /* Info.plist */,
			);
			path = App;
			sourceTree = "<group>";
		};
		E10000052B00000100000001 /* Views */ = {
			isa = PBXGroup;
			children = (
				B10000022B00000100000001 /* ContentView.swift */,
				B10000032B00000100000001 /* VisualizerView.swift */,
				B10000042B00000100000001 /* PitchControlView.swift */,
				B10000052B00000100000001 /* SettingsSheetView.swift */,
				B10000062B00000100000001 /* ModelManagerView.swift */,
				B10000072B00000100000001 /* RecordShareView.swift */,
			);
			path = Views;
			sourceTree = "<group>";
		};
		E10000062B00000100000001 /* Audio */ = {
			isa = PBXGroup;
			children = (
				B10000082B00000100000001 /* FastLLVCEngine.swift */,
				B10000092B00000100000001 /* AudioDSP.swift */,
				B100000A2B00000100000001 /* RingBuffer.swift */,
				B100000B2B00000100000001 /* PitchShifterDSP.swift */,
				B100000C2B00000100000001 /* AudioRecorder.swift */,
			);
			path = Audio;
			sourceTree = "<group>";
		};
		E10000032B00000100000001 /* Products */ = {
			isa = PBXGroup;
			children = (
				C10000012B00000100000001 /* FastLLVC.app */,
			);
			name = Products;
			sourceTree = "<group>";
		};
/* End PBXGroup section */

/* Begin PBXNativeTarget section */
		F10000012B00000100000001 /* FastLLVC */ = {
			isa = PBXNativeTarget;
			buildConfigurationList = G10000012B00000100000001 /* Build configuration list for PBXNativeTarget "FastLLVC" */;
			buildPhases = (
				H10000012B00000100000001 /* Sources */,
				D10000012B00000100000001 /* Frameworks */,
				I10000012B00000100000001 /* Resources */,
			);
			buildRules = (
			);
			dependencies = (
			);
			name = FastLLVC;
			productName = FastLLVC;
			productReference = C10000012B00000100000001 /* FastLLVC.app */;
			productType = "com.apple.product-type.application";
		};
/* End PBXNativeTarget section */

/* Begin PBXProject section */
		J10000012B00000100000001 /* Project object */ = {
			isa = PBXProject;
			attributes = {
				BuildIndependentTargetsInParallel = 1;
				LastSwiftUpdateCheck = 1500;
				LastUpgradeCheck = 1500;
				TargetAttributes = {
					F10000012B00000100000001 = {
						CreatedOnToolsVersion = 15.0;
					};
				};
			};
			buildConfigurationList = G10000022B00000100000001 /* Build configuration list for PBXProject "FastLLVC" */;
			compatibilityVersion = "Xcode 14.0";
			developmentRegion = en;
			hasScannedForEncodings = 0;
			knownRegions = (
				en,
				Base,
			);
			mainGroup = E10000012B00000100000001;
			productRefGroup = E10000032B00000100000001 /* Products */;
			projectDirPath = "";
			projectRoot = "";
			targets = (
				F10000012B00000100000001 /* FastLLVC */,
			);
		};
/* End PBXProject section */

/* Begin PBXResourcesBuildPhase section */
		I10000012B00000100000001 /* Resources */ = {
			isa = PBXResourcesBuildPhase;
			buildActionMask = 2147483647;
			files = (
				A100000D2B00000100000001 /* Assets.xcassets in Resources */,
			);
			runOnlyForDeploymentPostprocessing = 0;
		};
/* End PBXResourcesBuildPhase section */

/* Begin PBXSourcesBuildPhase section */
		H10000012B00000100000001 /* Sources */ = {
			isa = PBXSourcesBuildPhase;
			buildActionMask = 2147483647;
			files = (
				A10000012B00000100000001 /* FastLLVCApp.swift in Sources */,
				A10000022B00000100000001 /* ContentView.swift in Sources */,
				A10000032B00000100000001 /* VisualizerView.swift in Sources */,
				A10000042B00000100000001 /* PitchControlView.swift in Sources */,
				A10000052B00000100000001 /* SettingsSheetView.swift in Sources */,
				A10000062B00000100000001 /* ModelManagerView.swift in Sources */,
				A10000072B00000100000001 /* RecordShareView.swift in Sources */,
				A10000082B00000100000001 /* FastLLVCEngine.swift in Sources */,
				A10000092B00000100000001 /* AudioDSP.swift in Sources */,
				A100000A2B00000100000001 /* RingBuffer.swift in Sources */,
				A100000B2B00000100000001 /* PitchShifterDSP.swift in Sources */,
				A100000C2B00000100000001 /* AudioRecorder.swift in Sources */,
			);
			runOnlyForDeploymentPostprocessing = 0;
		};
/* End PBXSourcesBuildPhase section */

/* Begin XCBuildConfiguration section */
		K10000012B00000100000001 /* Debug */ = {
			isa = XCBuildConfiguration;
			buildSettings = {
				ALWAYS_SEARCH_USER_PATHS = NO;
				CLANG_ANALYZER_NONNULL = YES;
				CLANG_CXX_LANGUAGE_STANDARD = "gnu++20";
				CLANG_ENABLE_MODULES = YES;
				CLANG_ENABLE_OBJC_ARC = YES;
				COPY_PHASE_STRIP = NO;
				DEBUG_INFORMATION_FORMAT = dwarf;
				ENABLE_STRICT_OBJC_MSGSEND = YES;
				ENABLE_TESTABILITY = YES;
				GCC_DYNAMIC_NO_PIC = NO;
				GCC_NO_COMMON_BLOCKS = YES;
				GCC_OPTIMIZATION_LEVEL = 0;
				GCC_PREPROCESSOR_DEFINITIONS = (
					"DEBUG=1",
					"$(inherited)",
				);
				GCC_WARN_64_TO_32_BIT_CONVERSION = YES;
				GCC_WARN_ABOUT_RETURN_TYPE = YES_ERROR;
				GCC_WARN_UNDEFINED_VARIABLES = YES;
				GCC_WARN_UNINITIALIZED_AUTOS = YES_AGGRESSIVE;
				IPHONEOS_DEPLOYMENT_TARGET = 17.0;
				MTL_ENABLE_DEBUG_INFO = INCLUDE_SOURCE;
				MTL_FAST_MATH = YES;
				ONLY_ACTIVE_ARCH = YES;
				SDKROOT = iphoneos;
				SWIFT_ACTIVE_COMPILATION_CONDITIONS = DEBUG;
				SWIFT_OPTIMIZATION_LEVEL = "-Onone";
			};
			name = Debug;
		};
		K10000022B00000100000001 /* Release */ = {
			isa = XCBuildConfiguration;
			buildSettings = {
				ALWAYS_SEARCH_USER_PATHS = NO;
				CLANG_ANALYZER_NONNULL = YES;
				CLANG_CXX_LANGUAGE_STANDARD = "gnu++20";
				CLANG_ENABLE_MODULES = YES;
				CLANG_ENABLE_OBJC_ARC = YES;
				COPY_PHASE_STRIP = NO;
				DEBUG_INFORMATION_FORMAT = "dwarf-with-dsym";
				ENABLE_NS_ASSERTIONS = NO;
				ENABLE_STRICT_OBJC_MSGSEND = YES;
				GCC_NO_COMMON_BLOCKS = YES;
				GCC_WARN_64_TO_32_BIT_CONVERSION = YES;
				GCC_WARN_ABOUT_RETURN_TYPE = YES_ERROR;
				GCC_WARN_UNDEFINED_VARIABLES = YES;
				GCC_WARN_UNINITIALIZED_AUTOS = YES_AGGRESSIVE;
				IPHONEOS_DEPLOYMENT_TARGET = 17.0;
				MTL_ENABLE_DEBUG_INFO = NO;
				MTL_FAST_MATH = YES;
				SDKROOT = iphoneos;
				SWIFT_COMPILATION_MODE = wholemodule;
				SWIFT_OPTIMIZATION_LEVEL = "-O";
				VALIDATE_PRODUCT = YES;
			};
			name = Release;
		};
		K10000032B00000100000001 /* Debug */ = {
			isa = XCBuildConfiguration;
			buildSettings = {
				ASSETCATALOG_COMPILER_APPICON_NAME = AppIcon;
				ASSETCATALOG_COMPILER_GLOBAL_ACCENT_COLOR_NAME = AccentColor;
				CODE_SIGN_STYLE = Automatic;
				CURRENT_PROJECT_VERSION = 1;
				DEVELOPMENT_ASSET_PATHS = "";
				ENABLE_PREVIEWS = YES;
				GENERATE_INFOPLIST_FILE = NO;
				INFOPLIST_FILE = FastLLVC/App/Info.plist;
				INFOPLIST_KEY_CFBundleDisplayName = FastLLVC;
				INFOPLIST_KEY_LSApplicationCategoryType = "public.app-category.music";
				INFOPLIST_KEY_UIApplicationSceneManifest_Generation = YES;
				INFOPLIST_KEY_UILaunchScreen_Generation = YES;
				INFOPLIST_KEY_UISupportedInterfaceOrientations = UIInterfaceOrientationPortrait;
				LD_RUNPATH_SEARCH_PATHS = (
					"$(inherited)",
					"@executable_path/Frameworks",
				);
				MARKETING_VERSION = 1.0.0;
				PRODUCT_BUNDLE_IDENTIFIER = com.koeai.FastLLVC;
				PRODUCT_NAME = "$(TARGET_NAME)";
				SWIFT_EMIT_LOC_STRINGS = YES;
				SWIFT_VERSION = 5.0;
				TARGETED_DEVICE_FAMILY = "1,2";
			};
			name = Debug;
		};
		K10000042B00000100000001 /* Release */ = {
			isa = XCBuildConfiguration;
			buildSettings = {
				ASSETCATALOG_COMPILER_APPICON_NAME = AppIcon;
				ASSETCATALOG_COMPILER_GLOBAL_ACCENT_COLOR_NAME = AccentColor;
				CODE_SIGN_STYLE = Automatic;
				CURRENT_PROJECT_VERSION = 1;
				DEVELOPMENT_ASSET_PATHS = "";
				ENABLE_PREVIEWS = YES;
				GENERATE_INFOPLIST_FILE = NO;
				INFOPLIST_FILE = FastLLVC/App/Info.plist;
				INFOPLIST_KEY_CFBundleDisplayName = FastLLVC;
				INFOPLIST_KEY_LSApplicationCategoryType = "public.app-category.music";
				INFOPLIST_KEY_UIApplicationSceneManifest_Generation = YES;
				INFOPLIST_KEY_UILaunchScreen_Generation = YES;
				INFOPLIST_KEY_UISupportedInterfaceOrientations = UIInterfaceOrientationPortrait;
				LD_RUNPATH_SEARCH_PATHS = (
					"$(inherited)",
					"@executable_path/Frameworks",
				);
				MARKETING_VERSION = 1.0.0;
				PRODUCT_BUNDLE_IDENTIFIER = com.koeai.FastLLVC;
				PRODUCT_NAME = "$(TARGET_NAME)";
				SWIFT_EMIT_LOC_STRINGS = YES;
				SWIFT_VERSION = 5.0;
				TARGETED_DEVICE_FAMILY = "1,2";
			};
			name = Release;
		};
/* End XCBuildConfiguration section */

/* Begin XCConfigurationList section */
		G10000012B00000100000001 /* Build configuration list for PBXNativeTarget "FastLLVC" */ = {
			isa = XCConfigurationList;
			buildConfigurations = (
				K10000032B00000100000001 /* Debug */,
				K10000042B00000100000001 /* Release */,
			);
			defaultConfigurationIsVisible = 0;
			defaultConfigurationName = Release;
		};
		G10000022B00000100000001 /* Build configuration list for PBXProject "FastLLVC" */ = {
			isa = XCConfigurationList;
			buildConfigurations = (
				K10000012B00000100000001 /* Debug */,
				K10000022B00000100000001 /* Release */,
			);
			defaultConfigurationIsVisible = 0;
			defaultConfigurationName = Release;
		};
/* End XCConfigurationList section */

	};
	rootObject = J10000012B00000100000001 /* Project object */;
}
